// !$*UTF8*$!
{
	archiveVersion = 1;
	classes = {
	};
	objectVersion = 51;
	objects = {

/* Begin PBXBuildFile section */
		6721954851AD0C20CD710020 /* Pods_Underway.framework in Frameworks */ = {isa = PBXBuildFile; fileRef = FFD7C7B4BEC8920E22ED4026 /* Pods_Underway.framework */; };
		A0BB40CD2676BCAF00F63590 /* AppDelegate.swift in Sources */ = {isa = PBXBuildFile; fileRef = A0BB40CC2676BCAF00F63590 /* AppDelegate.swift */; };
		A0BB40CF2676BCAF00F63590 /* SceneDelegate.swift in Sources */ = {isa = PBXBuildFile; fileRef = A0BB40CE2676BCAF00F63590 /* SceneDelegate.swift */; };
		A0BB40D12676BCAF00F63590 /* ViewController.swift in Sources */ = {isa = PBXBuildFile; fileRef = A0BB40D02676BCAF00F63590 /* ViewController.swift */; };
		A0BB40D72676BCAF00F63590 /* Underway.xcdatamodeld in Sources */ = {isa = PBXBuildFile; fileRef = A0BB40D52676BCAF00F63590 /* Underway.xcdatamodeld */; };
		A0BB40D92676BCB400F63590 /* Assets.xcassets in Resources */ = {isa = PBXBuildFile; fileRef = A0BB40D82676BCB400F63590 /* Assets.xcassets */; };
		A0BB40DC2676BCB400F63590 /* LaunchScreen.storyboard in Resources */ = {isa = PBXBuildFile; fileRef = A0BB40DA2676BCB400F63590 /* LaunchScreen.storyboard */; };
		A0BB40E42676CAE900F63590 /* GoogleService-Info.plist in Resources */ = {isa = PBXBuildFile; fileRef = A0BB40E32676CAE900F63590 /* GoogleService-Info.plist */; };
		F72578C1267AA9AC0027D5E4 /* CargaFormViewController.swift in Sources */ = {isa = PBXBuildFile; fileRef = F72578BF267AA9AC0027D5E4 /* CargaFormViewController.swift */; };
		F730C22F267A9CEF0020B5D3 /* Main.storyboard in Resources */ = {isa = PBXBuildFile; fileRef = A0BB40D22676BCAF00F63590 /* Main.storyboard */; };
		F73A95312678272E009FC66B /* RegisterViewController.swift in Sources */ = {isa = PBXBuildFile; fileRef = F73A95302678272E009FC66B /* RegisterViewController.swift */; };
		F73A953426782D61009FC66B /* User.swift in Sources */ = {isa = PBXBuildFile; fileRef = F73A953326782D61009FC66B /* User.swift */; };
		F7443E08267D532900F4D550 /* TabBar.storyboard in Resources */ = {isa = PBXBuildFile; fileRef = F7443E07267D532900F4D550 /* TabBar.storyboard */; };
		F7443E0D267D63CF00F4D550 /* UserCarga.storyboard in Resources */ = {isa = PBXBuildFile; fileRef = F7443E0C267D63CF00F4D550 /* UserCarga.storyboard */; };
/* End PBXBuildFile section */

/* Begin PBXFileReference section */
		1A87F2C26AADF0BEBEA24E66 /* Pods-Underway.release.xcconfig */ = {isa = PBXFileReference; includeInIndex = 1; lastKnownFileType = text.xcconfig; name = "Pods-Underway.release.xcconfig"; path = "Target Support Files/Pods-Underway/Pods-Underway.release.xcconfig"; sourceTree = "<group>"; };
		A0BB40C92676BCAF00F63590 /* Underway.app */ = {isa = PBXFileReference; explicitFileType = wrapper.application; includeInIndex = 0; path = Underway.app; sourceTree = BUILT_PRODUCTS_DIR; };
		A0BB40CC2676BCAF00F63590 /* AppDelegate.swift */ = {isa = PBXFileReference; lastKnownFileType = sourcecode.swift; path = AppDelegate.swift; sourceTree = "<group>"; };
		A0BB40CE2676BCAF00F63590 /* SceneDelegate.swift */ = {isa = PBXFileReference; lastKnownFileType = sourcecode.swift; path = SceneDelegate.swift; sourceTree = "<group>"; };
		A0BB40D02676BCAF00F63590 /* ViewController.swift */ = {isa = PBXFileReference; lastKnownFileType = sourcecode.swift; path = ViewController.swift; sourceTree = "<group>"; };
		A0BB40D32676BCAF00F63590 /* Base */ = {isa = PBXFileReference; lastKnownFileType = file.storyboard; name = Base; path = Base.lproj/Main.storyboard; sourceTree = "<group>"; };
		A0BB40D62676BCAF00F63590 /* Underway.xcdatamodel */ = {isa = PBXFileReference; lastKnownFileType = wrapper.xcdatamodel; path = Underway.xcdatamodel; sourceTree = "<group>"; };
		A0BB40D82676BCB400F63590 /* Assets.xcassets */ = {isa = PBXFileReference; lastKnownFileType = folder.assetcatalog; path = Assets.xcassets; sourceTree = "<group>"; };
		A0BB40DB2676BCB400F63590 /* Base */ = {isa = PBXFileReference; lastKnownFileType = file.storyboard; name = Base; path = Base.lproj/LaunchScreen.storyboard; sourceTree = "<group>"; };
		A0BB40DD2676BCB400F63590 /* Info.plist */ = {isa = PBXFileReference; lastKnownFileType = text.plist.xml; path = Info.plist; sourceTree = "<group>"; };
		A0BB40E32676CAE900F63590 /* GoogleService-Info.plist */ = {isa = PBXFileReference; fileEncoding = 4; lastKnownFileType = text.plist.xml; path = "GoogleService-Info.plist"; sourceTree = "<group>"; };
		B77D2DC16EE65EA3A692F699 /* Pods-Underway.debug.xcconfig */ = {isa = PBXFileReference; includeInIndex = 1; lastKnownFileType = text.xcconfig; name = "Pods-Underway.debug.xcconfig"; path = "Target Support Files/Pods-Underway/Pods-Underway.debug.xcconfig"; sourceTree = "<group>"; };
		F72578BF267AA9AC0027D5E4 /* CargaFormViewController.swift */ = {isa = PBXFileReference; lastKnownFileType = sourcecode.swift; path = CargaFormViewController.swift; sourceTree = "<group>"; };
		F73A95302678272E009FC66B /* RegisterViewController.swift */ = {isa = PBXFileReference; lastKnownFileType = sourcecode.swift; path = RegisterViewController.swift; sourceTree = "<group>"; };
		F73A953326782D61009FC66B /* User.swift */ = {isa = PBXFileReference; lastKnownFileType = sourcecode.swift; path = User.swift; sourceTree = "<group>"; };
		F7443E07267D532900F4D550 /* TabBar.storyboard */ = {isa = PBXFileReference; lastKnownFileType = file.storyboard; path = TabBar.storyboard; sourceTree = "<group>"; };
		F7443E0C267D63CF00F4D550 /* UserCarga.storyboard */ = {isa = PBXFileReference; lastKnownFileType = file.storyboard; path = UserCarga.storyboard; sourceTree = "<group>"; };
		FFD7C7B4BEC8920E22ED4026 /* Pods_Underway.framework */ = {isa = PBXFileReference; explicitFileType = wrapper.framework; includeInIndex = 0; path = Pods_Underway.framework; sourceTree = BUILT_PRODUCTS_DIR; };
/* End PBXFileReference section */

/* Begin PBXFrameworksBuildPhase section */
		A0BB40C62676BCAF00F63590 /* Frameworks */ = {
			isa = PBXFrameworksBuildPhase;
			buildActionMask = 2147483647;
			files = (
				6721954851AD0C20CD710020 /* Pods_Underway.framework in Frameworks */,
			);
			runOnlyForDeploymentPostprocessing = 0;
		};
/* End PBXFrameworksBuildPhase section */

/* Begin PBXGroup section */
		071A42BB16B4336B10456845 /* Frameworks */ = {
			isa = PBXGroup;
			children = (
				FFD7C7B4BEC8920E22ED4026 /* Pods_Underway.framework */,
			);
			name = Frameworks;
			sourceTree = "<group>";
		};
		A0BB40C02676BCAF00F63590 = {
			isa = PBXGroup;
			children = (
				A0BB40CB2676BCAF00F63590 /* Underway */,
				A0BB40CA2676BCAF00F63590 /* Products */,
				A5257F237B987FC162A0F85C /* Pods */,
				071A42BB16B4336B10456845 /* Frameworks */,
			);
			sourceTree = "<group>";
		};
		A0BB40CA2676BCAF00F63590 /* Products */ = {
			isa = PBXGroup;
			children = (
				A0BB40C92676BCAF00F63590 /* Underway.app */,
			);
			name = Products;
			sourceTree = "<group>";
		};
		A0BB40CB2676BCAF00F63590 /* Underway */ = {
			isa = PBXGroup;
			children = (
				F7443E09267D638000F4D550 /* UserCargas */,
				F73A953226782D4D009FC66B /* models */,
				A0BB40CC2676BCAF00F63590 /* AppDelegate.swift */,
				A0BB40CE2676BCAF00F63590 /* SceneDelegate.swift */,
				A0BB40D02676BCAF00F63590 /* ViewController.swift */,
				F73A95302678272E009FC66B /* RegisterViewController.swift */,
				F7443E04267D52D000F4D550 /* TabBar */,
				A0BB40D22676BCAF00F63590 /* Main.storyboard */,
				A0BB40E32676CAE900F63590 /* GoogleService-Info.plist */,
				A0BB40D82676BCB400F63590 /* Assets.xcassets */,
				A0BB40DA2676BCB400F63590 /* LaunchScreen.storyboard */,
				A0BB40DD2676BCB400F63590 /* Info.plist */,
				A0BB40D52676BCAF00F63590 /* Underway.xcdatamodeld */,
			);
			path = Underway;
			sourceTree = "<group>";
		};
		A5257F237B987FC162A0F85C /* Pods */ = {
			isa = PBXGroup;
			children = (
				B77D2DC16EE65EA3A692F699 /* Pods-Underway.debug.xcconfig */,
				1A87F2C26AADF0BEBEA24E66 /* Pods-Underway.release.xcconfig */,
			);
			path = Pods;
			sourceTree = "<group>";
		};
		F73A953226782D4D009FC66B /* models */ = {
			isa = PBXGroup;
			children = (
				F73A953326782D61009FC66B /* User.swift */,
			);
			path = models;
			sourceTree = "<group>";
		};
		F7443E04267D52D000F4D550 /* TabBar */ = {
			isa = PBXGroup;
			children = (
				F7443E07267D532900F4D550 /* TabBar.storyboard */,
			);
			path = TabBar;
			sourceTree = "<group>";
		};
		F7443E09267D638000F4D550 /* UserCargas */ = {
			isa = PBXGroup;
			children = (
				F72578BF267AA9AC0027D5E4 /* CargaFormViewController.swift */,
				F7443E0C267D63CF00F4D550 /* UserCarga.storyboard */,
			);
			path = UserCargas;
			sourceTree = "<group>";
		};
/* End PBXGroup section */

/* Begin PBXNativeTarget section */
		A0BB40C82676BCAF00F63590 /* Underway */ = {
			isa = PBXNativeTarget;
			buildConfigurationList = A0BB40E02676BCB400F63590 /* Build configuration list for PBXNativeTarget "Underway" */;
			buildPhases = (
				E66586AE78442BA459A3C144 /* [CP] Check Pods Manifest.lock */,
				A0BB40C52676BCAF00F63590 /* Sources */,
				A0BB40C62676BCAF00F63590 /* Frameworks */,
				A0BB40C72676BCAF00F63590 /* Resources */,
				1775FB8ADB0938E42E15A6A7 /* [CP] Embed Pods Frameworks */,
			);
			buildRules = (
			);
			dependencies = (
			);
			name = Underway;
			productName = Underway;
			productReference = A0BB40C92676BCAF00F63590 /* Underway.app */;
			productType = "com.apple.product-type.application";
		};
/* End PBXNativeTarget section */

/* Begin PBXProject section */
		A0BB40C12676BCAF00F63590 /* Project object */ = {
			isa = PBXProject;
			attributes = {
				LastSwiftUpdateCheck = 1130;
				LastUpgradeCheck = 1130;
				ORGANIZATIONNAME = "Quinto Semestre";
				TargetAttributes = {
					A0BB40C82676BCAF00F63590 = {
						CreatedOnToolsVersion = 11.3.1;
					};
				};
			};
			buildConfigurationList = A0BB40C42676BCAF00F63590 /* Build configuration list for PBXProject "Underway" */;
			compatibilityVersion = "Xcode 9.3";
			developmentRegion = en;
			hasScannedForEncodings = 0;
			knownRegions = (
				en,
				Base,
			);
			mainGroup = A0BB40C02676BCAF00F63590;
			productRefGroup = A0BB40CA2676BCAF00F63590 /* Products */;
			projectDirPath = "";
			projectRoot = "";
			targets = (
				A0BB40C82676BCAF00F63590 /* Underway */,
			);
		};
/* End PBXProject section */

/* Begin PBXResourcesBuildPhase section */
		A0BB40C72676BCAF00F63590 /* Resources */ = {
			isa = PBXResourcesBuildPhase;
			buildActionMask = 2147483647;
			files = (
				A0BB40DC2676BCB400F63590 /* LaunchScreen.storyboard in Resources */,
				A0BB40E42676CAE900F63590 /* GoogleService-Info.plist in Resources */,
				F730C22F267A9CEF0020B5D3 /* Main.storyboard in Resources */,
				F7443E08267D532900F4D550 /* TabBar.storyboard in Resources */,
				F7443E0D267D63CF00F4D550 /* UserCarga.storyboard in Resources */,
				A0BB40D92676BCB400F63590 /* Assets.xcassets in Resources */,
			);
			runOnlyForDeploymentPostprocessing = 0;
		};
/* End PBXResourcesBuildPhase section */

/* Begin PBXShellScriptBuildPhase section */
		1775FB8ADB0938E42E15A6A7 /* [CP] Embed Pods Frameworks */ = {
			isa = PBXShellScriptBuildPhase;
			buildActionMask = 2147483647;
			files = (
			);
			inputFileListPaths = (
				"${PODS_ROOT}/Target Support Files/Pods-Underway/Pods-Underway-frameworks-${CONFIGURATION}-input-files.xcfilelist",
			);
			name = "[CP] Embed Pods Frameworks";
			outputFileListPaths = (
				"${PODS_ROOT}/Target Support Files/Pods-Underway/Pods-Underway-frameworks-${CONFIGURATION}-output-files.xcfilelist",
			);
			runOnlyForDeploymentPostprocessing = 0;
			shellPath = /bin/sh;
			shellScript = "\"${PODS_ROOT}/Target Support Files/Pods-Underway/Pods-Underway-frameworks.sh\"\n";
			showEnvVarsInLog = 0;
		};
		E66586AE78442BA459A3C144 /* [CP] Check Pods Manifest.lock */ = {
			isa = PBXShellScriptBuildPhase;
			buildActionMask = 2147483647;
			files = (
			);
			inputFileListPaths = (
			);
			inputPaths = (
				"${PODS_PODFILE_DIR_PATH}/Podfile.lock",
				"${PODS_ROOT}/Manifest.lock",
			);
			name = "[CP] Check Pods Manifest.lock";
			outputFileListPaths = (
			);
			outputPaths = (
				"$(DERIVED_FILE_DIR)/Pods-Underway-checkManifestLockResult.txt",
			);
			runOnlyForDeploymentPostprocessing = 0;
			shellPath = /bin/sh;
			shellScript = "diff \"${PODS_PODFILE_DIR_PATH}/Podfile.lock\" \"${PODS_ROOT}/Manifest.lock\" > /dev/null\nif [ $? != 0 ] ; then\n    # print error to STDERR\n    echo \"error: The sandbox is not in sync with the Podfile.lock. Run 'pod install' or update your CocoaPods installation.\" >&2\n    exit 1\nfi\n# This output is used by Xcode 'outputs' to avoid re-running this script phase.\necho \"SUCCESS\" > \"${SCRIPT_OUTPUT_FILE_0}\"\n";
			showEnvVarsInLog = 0;
		};
/* End PBXShellScriptBuildPhase section */

/* Begin PBXSourcesBuildPhase section */
		A0BB40C52676BCAF00F63590 /* Sources */ = {
			isa = PBXSourcesBuildPhase;
			buildActionMask = 2147483647;
			files = (
				A0BB40D72676BCAF00F63590 /* Underway.xcdatamodeld in Sources */,
				F72578C1267AA9AC0027D5E4 /* CargaFormViewController.swift in Sources */,
				F73A95312678272E009FC66B /* RegisterViewController.swift in Sources */,
				F73A953426782D61009FC66B /* User.swift in Sources */,
				A0BB40D12676BCAF00F63590 /* ViewController.swift in Sources */,
				A0BB40CD2676BCAF00F63590 /* AppDelegate.swift in Sources */,
				A0BB40CF2676BCAF00F63590 /* SceneDelegate.swift in Sources */,
			);
			runOnlyForDeploymentPostprocessing = 0;
		};
/* End PBXSourcesBuildPhase section */

/* Begin PBXVariantGroup section */
		A0BB40D22676BCAF00F63590 /* Main.storyboard */ = {
			isa = PBXVariantGroup;
			children = (
				A0BB40D32676BCAF00F63590 /* Base */,
			);
			name = Main.storyboard;
			sourceTree = "<group>";
		};
		A0BB40DA2676BCB400F63590 /* LaunchScreen.storyboard */ = {
			isa = PBXVariantGroup;
			children = (
				A0BB40DB2676BCB400F63590 /* Base */,
			);
			name = LaunchScreen.storyboard;
			sourceTree = "<group>";
		};
/* End PBXVariantGroup section */

/* Begin XCBuildConfiguration section */
		A0BB40DE2676BCB400F63590 /* Debug */ = {
			isa = XCBuildConfiguration;
			buildSettings = {
				ALWAYS_SEARCH_USER_PATHS = NO;
				CLANG_ANALYZER_NONNULL = YES;
				CLANG_ANALYZER_NUMBER_OBJECT_CONVERSION = YES_AGGRESSIVE;
				CLANG_CXX_LANGUAGE_STANDARD = "gnu++14";
				CLANG_CXX_LIBRARY = "libc++";
				CLANG_ENABLE_MODULES = YES;
				CLANG_ENABLE_OBJC_ARC = YES;
				CLANG_ENABLE_OBJC_WEAK = YES;
				CLANG_WARN_BLOCK_CAPTURE_AUTORELEASING = YES;
				CLANG_WARN_BOOL_CONVERSION = YES;
				CLANG_WARN_COMMA = YES;
				CLANG_WARN_CONSTANT_CONVERSION = YES;
				CLANG_WARN_DEPRECATED_OBJC_IMPLEMENTATIONS = YES;
				CLANG_WARN_DIRECT_OBJC_ISA_USAGE = YES_ERROR;
				CLANG_WARN_DOCUMENTATION_COMMENTS = YES;
				CLANG_WARN_EMPTY_BODY = YES;
				CLANG_WARN_ENUM_CONVERSION = YES;
				CLANG_WARN_INFINITE_RECURSION = YES;
				CLANG_WARN_INT_CONVERSION = YES;
				CLANG_WARN_NON_LITERAL_NULL_CONVERSION = YES;
				CLANG_WARN_OBJC_IMPLICIT_RETAIN_SELF = YES;
				CLANG_WARN_OBJC_LITERAL_CONVERSION = YES;
				CLANG_WARN_OBJC_ROOT_CLASS = YES_ERROR;
				CLANG_WARN_RANGE_LOOP_ANALYSIS = YES;
				CLANG_WARN_STRICT_PROTOTYPES = YES;
				CLANG_WARN_SUSPICIOUS_MOVE = YES;
				CLANG_WARN_UNGUARDED_AVAILABILITY = YES_AGGRESSIVE;
				CLANG_WARN_UNREACHABLE_CODE = YES;
				CLANG_WARN__DUPLICATE_METHOD_MATCH = YES;
				COPY_PHASE_STRIP = NO;
				DEBUG_INFORMATION_FORMAT = dwarf;
				ENABLE_STRICT_OBJC_MSGSEND = YES;
				ENABLE_TESTABILITY = YES;
				GCC_C_LANGUAGE_STANDARD = gnu11;
				GCC_DYNAMIC_NO_PIC = NO;
				GCC_NO_COMMON_BLOCKS = YES;
				GCC_OPTIMIZATION_LEVEL = 0;
				GCC_PREPROCESSOR_DEFINITIONS = (
					"DEBUG=1",
					"$(inherited)",
				);
				GCC_WARN_64_TO_32_BIT_CONVERSION = YES;
				GCC_WARN_ABOUT_RETURN_TYPE = YES_ERROR;
				GCC_WARN_UNDECLARED_SELECTOR = YES;
				GCC_WARN_UNINITIALIZED_AUTOS = YES_AGGRESSIVE;
				GCC_WARN_UNUSED_FUNCTION = YES;
				GCC_WARN_UNUSED_VARIABLE = YES;
				IPHONEOS_DEPLOYMENT_TARGET = 13.2;
				MTL_ENABLE_DEBUG_INFO = INCLUDE_SOURCE;
				MTL_FAST_MATH = YES;
				ONLY_ACTIVE_ARCH = YES;
				SDKROOT = iphoneos;
				SWIFT_ACTIVE_COMPILATION_CONDITIONS = DEBUG;
				SWIFT_OPTIMIZATION_LEVEL = "-Onone";
			};
			name = Debug;
		};
		A0BB40DF2676BCB400F63590 /* Release */ = {
			isa = XCBuildConfiguration;
			buildSettings = {
				ALWAYS_SEARCH_USER_PATHS = NO;
				CLANG_ANALYZER_NONNULL = YES;
				CLANG_ANALYZER_NUMBER_OBJECT_CONVERSION = YES_AGGRESSIVE;
				CLANG_CXX_LANGUAGE_STANDARD = "gnu++14";
				CLANG_CXX_LIBRARY = "libc++";
				CLANG_ENABLE_MODULES = YES;
				CLANG_ENABLE_OBJC_ARC = YES;
				CLANG_ENABLE_OBJC_WEAK = YES;
				CLANG_WARN_BLOCK_CAPTURE_AUTORELEASING = YES;
				CLANG_WARN_BOOL_CONVERSION = YES;
				CLANG_WARN_COMMA = YES;
				CLANG_WARN_CONSTANT_CONVERSION = YES;
				CLANG_WARN_DEPRECATED_OBJC_IMPLEMENTATIONS = YES;
				CLANG_WARN_DIRECT_OBJC_ISA_USAGE = YES_ERROR;
				CLANG_WARN_DOCUMENTATION_COMMENTS = YES;
				CLANG_WARN_EMPTY_BODY = YES;
				CLANG_WARN_ENUM_CONVERSION = YES;
				CLANG_WARN_INFINITE_RECURSION = YES;
				CLANG_WARN_INT_CONVERSION = YES;
				CLANG_WARN_NON_LITERAL_NULL_CONVERSION = YES;
				CLANG_WARN_OBJC_IMPLICIT_RETAIN_SELF = YES;
				CLANG_WARN_OBJC_LITERAL_CONVERSION = YES;
				CLANG_WARN_OBJC_ROOT_CLASS = YES_ERROR;
				CLANG_WARN_RANGE_LOOP_ANALYSIS = YES;
				CLANG_WARN_STRICT_PROTOTYPES = YES;
				CLANG_WARN_SUSPICIOUS_MOVE = YES;
				CLANG_WARN_UNGUARDED_AVAILABILITY = YES_AGGRESSIVE;
				CLANG_WARN_UNREACHABLE_CODE = YES;
				CLANG_WARN__DUPLICATE_METHOD_MATCH = YES;
				COPY_PHASE_STRIP = NO;
				DEBUG_INFORMATION_FORMAT = "dwarf-with-dsym";
				ENABLE_NS_ASSERTIONS = NO;
				ENABLE_STRICT_OBJC_MSGSEND = YES;
				GCC_C_LANGUAGE_STANDARD = gnu11;
				GCC_NO_COMMON_BLOCKS = YES;
				GCC_WARN_64_TO_32_BIT_CONVERSION = YES;
				GCC_WARN_ABOUT_RETURN_TYPE = YES_ERROR;
				GCC_WARN_UNDECLARED_SELECTOR = YES;
				GCC_WARN_UNINITIALIZED_AUTOS = YES_AGGRESSIVE;
				GCC_WARN_UNUSED_FUNCTION = YES;
				GCC_WARN_UNUSED_VARIABLE = YES;
				IPHONEOS_DEPLOYMENT_TARGET = 13.2;
				MTL_ENABLE_DEBUG_INFO = NO;
				MTL_FAST_MATH = YES;
				SDKROOT = iphoneos;
				SWIFT_COMPILATION_MODE = wholemodule;
				SWIFT_OPTIMIZATION_LEVEL = "-O";
				VALIDATE_PRODUCT = YES;
			};
			name = Release;
		};
		A0BB40E12676BCB400F63590 /* Debug */ = {
			isa = XCBuildConfiguration;
			baseConfigurationReference = B77D2DC16EE65EA3A692F699 /* Pods-Underway.debug.xcconfig */;
			buildSettings = {
				ASSETCATALOG_COMPILER_APPICON_NAME = AppIcon;
				CODE_SIGN_STYLE = Automatic;
				INFOPLIST_FILE = Underway/Info.plist;
				LD_RUNPATH_SEARCH_PATHS = (
					"$(inherited)",
					"@executable_path/Frameworks",
				);
				PRODUCT_BUNDLE_IDENTIFIER = com.QuintoSemestre.Underway;
				PRODUCT_NAME = "$(TARGET_NAME)";
				SWIFT_VERSION = 5.0;
				TARGETED_DEVICE_FAMILY = "1,2";
			};
			name = Debug;
		};
		A0BB40E22676BCB400F63590 /* Release */ = {
			isa = XCBuildConfiguration;
			baseConfigurationReference = 1A87F2C26AADF0BEBEA24E66 /* Pods-Underway.release.xcconfig */;
			buildSettings = {
				ASSETCATALOG_COMPILER_APPICON_NAME = AppIcon;
				CODE_SIGN_STYLE = Automatic;
				INFOPLIST_FILE = Underway/Info.plist;
				LD_RUNPATH_SEARCH_PATHS = (
					"$(inherited)",
					"@executable_path/Frameworks",
				);
				PRODUCT_BUNDLE_IDENTIFIER = com.QuintoSemestre.Underway;
				PRODUCT_NAME = "$(TARGET_NAME)";
				SWIFT_VERSION = 5.0;
				TARGETED_DEVICE_FAMILY = "1,2";
			};
			name = Release;
		};
/* End XCBuildConfiguration section */

/* Begin XCConfigurationList section */
		A0BB40C42676BCAF00F63590 /* Build configuration list for PBXProject "Underway" */ = {
			isa = XCConfigurationList;
			buildConfigurations = (
				A0BB40DE2676BCB400F63590 /* Debug */,
				A0BB40DF2676BCB400F63590 /* Release */,
			);
			defaultConfigurationIsVisible = 0;
			defaultConfigurationName = Release;
		};
		A0BB40E02676BCB400F63590 /* Build configuration list for PBXNativeTarget "Underway" */ = {
			isa = XCConfigurationList;
			buildConfigurations = (
				A0BB40E12676BCB400F63590 /* Debug */,
				A0BB40E22676BCB400F63590 /* Release */,
			);
			defaultConfigurationIsVisible = 0;
			defaultConfigurationName = Release;
		};
/* End XCConfigurationList section */

/* Begin XCVersionGroup section */
		A0BB40D52676BCAF00F63590 /* Underway.xcdatamodeld */ = {
			isa = XCVersionGroup;
			children = (
				A0BB40D62676BCAF00F63590 /* Underway.xcdatamodel */,
			);
			currentVersion = A0BB40D62676BCAF00F63590 /* Underway.xcdatamodel */;
			path = Underway.xcdatamodeld;
			sourceTree = "<group>";
			versionGroupType = wrapper.xcdatamodel;
		};
/* End XCVersionGroup section */
	};
	rootObject = A0BB40C12676BCAF00F63590 /* Project object */;
}
